// !$*UTF8*$!
{
	archiveVersion = 1;
	classes = {
	};
	objectVersion = 56;
	objects = {

/* Begin PBXBuildFile section */
		DCF647342BD602F80096C6AD /* HereLive_DemoApp.swift in Sources */ = {isa = PBXBuildFile; fileRef = DCF647332BD602F80096C6AD /* HereLive_DemoApp.swift */; };
		DCF647362BD602F80096C6AD /* ContentView.swift in Sources */ = {isa = PBXBuildFile; fileRef = DCF647352BD602F80096C6AD /* ContentView.swift */; };
		DCF647382BD602FA0096C6AD /* Assets.xcassets in Resources */ = {isa = PBXBuildFile; fileRef = DCF647372BD602FA0096C6AD /* Assets.xcassets */; };
		DCF6473B2BD602FA0096C6AD /* Preview Assets.xcassets in Resources */ = {isa = PBXBuildFile; fileRef = DCF6473A2BD602FA0096C6AD /* Preview Assets.xcassets */; };
		DCF6473D2BD602FA0096C6AD /* Persistence.swift in Sources */ = {isa = PBXBuildFile; fileRef = DCF6473C2BD602FA0096C6AD /* Persistence.swift */; };
		DCF647402BD602FA0096C6AD /* HereLive_Demo.xcdatamodeld in Sources */ = {isa = PBXBuildFile; fileRef = DCF6473E2BD602FA0096C6AD /* HereLive_Demo.xcdatamodeld */; };
		DCF6474B2BD602FA0096C6AD /* HereLive_DemoTests.swift in Sources */ = {isa = PBXBuildFile; fileRef = DCF6474A2BD602FA0096C6AD /* HereLive_DemoTests.swift */; };
		DCF647552BD602FA0096C6AD /* HereLive_DemoUITests.swift in Sources */ = {isa = PBXBuildFile; fileRef = DCF647542BD602FA0096C6AD /* HereLive_DemoUITests.swift */; };
		DCF647572BD602FA0096C6AD /* HereLive_DemoUITestsLaunchTests.swift in Sources */ = {isa = PBXBuildFile; fileRef = DCF647562BD602FA0096C6AD /* HereLive_DemoUITestsLaunchTests.swift */; };
		DCF647642BD6046A0096C6AD /* LoginView.swift in Sources */ = {isa = PBXBuildFile; fileRef = DCF647632BD6046A0096C6AD /* LoginView.swift */; };
		DCF647662BD604830096C6AD /* SignUpView.swift in Sources */ = {isa = PBXBuildFile; fileRef = DCF647652BD604830096C6AD /* SignUpView.swift */; };
		DCF647682BD604A30096C6AD /* HomeView.swift in Sources */ = {isa = PBXBuildFile; fileRef = DCF647672BD604A30096C6AD /* HomeView.swift */; };
		DCF6476A2BD604C40096C6AD /* PlannerView.swift in Sources */ = {isa = PBXBuildFile; fileRef = DCF647692BD604C40096C6AD /* PlannerView.swift */; };
		DCF6476C2BD604E50096C6AD /* DiscoverView.swift in Sources */ = {isa = PBXBuildFile; fileRef = DCF6476B2BD604E50096C6AD /* DiscoverView.swift */; };
		DCF6476E2BD605290096C6AD /* AdventureBucketListView.swift in Sources */ = {isa = PBXBuildFile; fileRef = DCF6476D2BD605290096C6AD /* AdventureBucketListView.swift */; };
		DCF647702BD605410096C6AD /* ProfileView.swift in Sources */ = {isa = PBXBuildFile; fileRef = DCF6476F2BD605410096C6AD /* ProfileView.swift */; };
		DCF647722BD605680096C6AD /* WalletView.swift in Sources */ = {isa = PBXBuildFile; fileRef = DCF647712BD605680096C6AD /* WalletView.swift */; };
		DCF647742BD605B00096C6AD /* SingleTripView.swift in Sources */ = {isa = PBXBuildFile; fileRef = DCF647732BD605B00096C6AD /* SingleTripView.swift */; };
		DCF647762BD605D70096C6AD /* GroupTripView.swift in Sources */ = {isa = PBXBuildFile; fileRef = DCF647752BD605D70096C6AD /* GroupTripView.swift */; };
		DCF647782BD6067B0096C6AD /* ChatView.swift in Sources */ = {isa = PBXBuildFile; fileRef = DCF647772BD6067B0096C6AD /* ChatView.swift */; };
		DCF6477A2BD606960096C6AD /* MapView.swift in Sources */ = {isa = PBXBuildFile; fileRef = DCF647792BD606960096C6AD /* MapView.swift */; };
		DCF6477C2BD606AF0096C6AD /* UploadView.swift in Sources */ = {isa = PBXBuildFile; fileRef = DCF6477B2BD606AF0096C6AD /* UploadView.swift */; };
		DCF6477F2BD608A70096C6AD /* FirebaseAuth in Frameworks */ = {isa = PBXBuildFile; productRef = DCF6477E2BD608A70096C6AD /* FirebaseAuth */; };
		DCF647812BD608A70096C6AD /* FirebaseFirestore in Frameworks */ = {isa = PBXBuildFile; productRef = DCF647802BD608A70096C6AD /* FirebaseFirestore */; };
		DCF647832BD60AA00096C6AD /* GoogleService-Info.plist in Resources */ = {isa = PBXBuildFile; fileRef = DCF647822BD60AA00096C6AD /* GoogleService-Info.plist */; };
		DCF647872BD618D70096C6AD /* LandingView.swift in Sources */ = {isa = PBXBuildFile; fileRef = DCF647862BD618D70096C6AD /* LandingView.swift */; };
		DCF647892BD652800096C6AD /* CoupleTripView.swift in Sources */ = {isa = PBXBuildFile; fileRef = DCF647882BD652800096C6AD /* CoupleTripView.swift */; };
		DCF6478B2BD655F20096C6AD /* UpcomingTripDetailView.swift in Sources */ = {isa = PBXBuildFile; fileRef = DCF6478A2BD655F20096C6AD /* UpcomingTripDetailView.swift */; };
		DCF6478D2BD667250096C6AD /* DealsView.swift in Sources */ = {isa = PBXBuildFile; fileRef = DCF6478C2BD667250096C6AD /* DealsView.swift */; };
		DCF6478F2BD67F050096C6AD /* EditProfileView.swift in Sources */ = {isa = PBXBuildFile; fileRef = DCF6478E2BD67F050096C6AD /* EditProfileView.swift */; };
		DCF647912BD67F270096C6AD /* SettingsView.swift in Sources */ = {isa = PBXBuildFile; fileRef = DCF647902BD67F270096C6AD /* SettingsView.swift */; };
		DCF647932BD67F3A0096C6AD /* HelpView.swift in Sources */ = {isa = PBXBuildFile; fileRef = DCF647922BD67F3A0096C6AD /* HelpView.swift */; };
		DCF647952BD67F4F0096C6AD /* InsightView.swift in Sources */ = {isa = PBXBuildFile; fileRef = DCF647942BD67F4E0096C6AD /* InsightView.swift */; };
		DCF647972BD67F680096C6AD /* LogoutView.swift in Sources */ = {isa = PBXBuildFile; fileRef = DCF647962BD67F680096C6AD /* LogoutView.swift */; };
		DCF647992BD683E10096C6AD /* EventDetailView.swift in Sources */ = {isa = PBXBuildFile; fileRef = DCF647982BD683E10096C6AD /* EventDetailView.swift */; };
		DCF6479B2BD68FCD0096C6AD /* EventModel.swift in Sources */ = {isa = PBXBuildFile; fileRef = DCF6479A2BD68FCD0096C6AD /* EventModel.swift */; };
		DCF6479D2BD6B8C50096C6AD /* HotelModel.swift in Sources */ = {isa = PBXBuildFile; fileRef = DCF6479C2BD6B8C50096C6AD /* HotelModel.swift */; };
		DCF647A12BD6B9BB0096C6AD /* FindHotelsView.swift in Sources */ = {isa = PBXBuildFile; fileRef = DCF647A02BD6B9BB0096C6AD /* FindHotelsView.swift */; };
		DCF647A32BD6C6AA0096C6AD /* ChatDetailView.swift in Sources */ = {isa = PBXBuildFile; fileRef = DCF647A22BD6C6AA0096C6AD /* ChatDetailView.swift */; };
		DCF647A52BD6DB220096C6AD /* NotificationView.swift in Sources */ = {isa = PBXBuildFile; fileRef = DCF647A42BD6DB220096C6AD /* NotificationView.swift */; };
		DCF647A72BD6DF470096C6AD /* MapViewModel.swift in Sources */ = {isa = PBXBuildFile; fileRef = DCF647A62BD6DF470096C6AD /* MapViewModel.swift */; };
		DCF647A92BD6E0150096C6AD /* NotificationModel.swift in Sources */ = {isa = PBXBuildFile; fileRef = DCF647A82BD6E0140096C6AD /* NotificationModel.swift */; };
		DCF647AD2BD6E4B80096C6AD /* DealsModel.swift in Sources */ = {isa = PBXBuildFile; fileRef = DCF647AC2BD6E4B80096C6AD /* DealsModel.swift */; };
/* End PBXBuildFile section */

/* Begin PBXContainerItemProxy section */
		DCF647472BD602FA0096C6AD /* PBXContainerItemProxy */ = {
			isa = PBXContainerItemProxy;
			containerPortal = DCF647282BD602F80096C6AD /* Project object */;
			proxyType = 1;
			remoteGlobalIDString = DCF6472F2BD602F80096C6AD;
			remoteInfo = "HereLive-Demo";
		};
		DCF647512BD602FA0096C6AD /* PBXContainerItemProxy */ = {
			isa = PBXContainerItemProxy;
			containerPortal = DCF647282BD602F80096C6AD /* Project object */;
			proxyType = 1;
			remoteGlobalIDString = DCF6472F2BD602F80096C6AD;
			remoteInfo = "HereLive-Demo";
		};
/* End PBXContainerItemProxy section */

/* Begin PBXFileReference section */
		DCF647302BD602F80096C6AD /* HereLive-Demo.app */ = {isa = PBXFileReference; explicitFileType = wrapper.application; includeInIndex = 0; path = "HereLive-Demo.app"; sourceTree = BUILT_PRODUCTS_DIR; };
		DCF647332BD602F80096C6AD /* HereLive_DemoApp.swift */ = {isa = PBXFileReference; lastKnownFileType = sourcecode.swift; path = HereLive_DemoApp.swift; sourceTree = "<group>"; };
		DCF647352BD602F80096C6AD /* ContentView.swift */ = {isa = PBXFileReference; lastKnownFileType = sourcecode.swift; path = ContentView.swift; sourceTree = "<group>"; };
		DCF647372BD602FA0096C6AD /* Assets.xcassets */ = {isa = PBXFileReference; lastKnownFileType = folder.assetcatalog; path = Assets.xcassets; sourceTree = "<group>"; };
		DCF6473A2BD602FA0096C6AD /* Preview Assets.xcassets */ = {isa = PBXFileReference; lastKnownFileType = folder.assetcatalog; path = "Preview Assets.xcassets"; sourceTree = "<group>"; };
		DCF6473C2BD602FA0096C6AD /* Persistence.swift */ = {isa = PBXFileReference; lastKnownFileType = sourcecode.swift; path = Persistence.swift; sourceTree = "<group>"; };
		DCF6473F2BD602FA0096C6AD /* HereLive_Demo.xcdatamodel */ = {isa = PBXFileReference; lastKnownFileType = wrapper.xcdatamodel; path = HereLive_Demo.xcdatamodel; sourceTree = "<group>"; };
		DCF647412BD602FA0096C6AD /* Info.plist */ = {isa = PBXFileReference; lastKnownFileType = text.plist.xml; path = Info.plist; sourceTree = "<group>"; };
		DCF647462BD602FA0096C6AD /* HereLive-DemoTests.xctest */ = {isa = PBXFileReference; explicitFileType = wrapper.cfbundle; includeInIndex = 0; path = "HereLive-DemoTests.xctest"; sourceTree = BUILT_PRODUCTS_DIR; };
		DCF6474A2BD602FA0096C6AD /* HereLive_DemoTests.swift */ = {isa = PBXFileReference; lastKnownFileType = sourcecode.swift; path = HereLive_DemoTests.swift; sourceTree = "<group>"; };
		DCF647502BD602FA0096C6AD /* HereLive-DemoUITests.xctest */ = {isa = PBXFileReference; explicitFileType = wrapper.cfbundle; includeInIndex = 0; path = "HereLive-DemoUITests.xctest"; sourceTree = BUILT_PRODUCTS_DIR; };
		DCF647542BD602FA0096C6AD /* HereLive_DemoUITests.swift */ = {isa = PBXFileReference; lastKnownFileType = sourcecode.swift; path = HereLive_DemoUITests.swift; sourceTree = "<group>"; };
		DCF647562BD602FA0096C6AD /* HereLive_DemoUITestsLaunchTests.swift */ = {isa = PBXFileReference; lastKnownFileType = sourcecode.swift; path = HereLive_DemoUITestsLaunchTests.swift; sourceTree = "<group>"; };
		DCF647632BD6046A0096C6AD /* LoginView.swift */ = {isa = PBXFileReference; lastKnownFileType = sourcecode.swift; path = LoginView.swift; sourceTree = "<group>"; };
		DCF647652BD604830096C6AD /* SignUpView.swift */ = {isa = PBXFileReference; lastKnownFileType = sourcecode.swift; path = SignUpView.swift; sourceTree = "<group>"; };
		DCF647672BD604A30096C6AD /* HomeView.swift */ = {isa = PBXFileReference; lastKnownFileType = sourcecode.swift; path = HomeView.swift; sourceTree = "<group>"; };
		DCF647692BD604C40096C6AD /* PlannerView.swift */ = {isa = PBXFileReference; lastKnownFileType = sourcecode.swift; path = PlannerView.swift; sourceTree = "<group>"; };
		DCF6476B2BD604E50096C6AD /* DiscoverView.swift */ = {isa = PBXFileReference; lastKnownFileType = sourcecode.swift; path = DiscoverView.swift; sourceTree = "<group>"; };
		DCF6476D2BD605290096C6AD /* AdventureBucketListView.swift */ = {isa = PBXFileReference; lastKnownFileType = sourcecode.swift; path = AdventureBucketListView.swift; sourceTree = "<group>"; };
		DCF6476F2BD605410096C6AD /* ProfileView.swift */ = {isa = PBXFileReference; lastKnownFileType = sourcecode.swift; path = ProfileView.swift; sourceTree = "<group>"; };
		DCF647712BD605680096C6AD /* WalletView.swift */ = {isa = PBXFileReference; lastKnownFileType = sourcecode.swift; path = WalletView.swift; sourceTree = "<group>"; };
		DCF647732BD605B00096C6AD /* SingleTripView.swift */ = {isa = PBXFileReference; lastKnownFileType = sourcecode.swift; path = SingleTripView.swift; sourceTree = "<group>"; };
		DCF647752BD605D70096C6AD /* GroupTripView.swift */ = {isa = PBXFileReference; lastKnownFileType = sourcecode.swift; path = GroupTripView.swift; sourceTree = "<group>"; };
		DCF647772BD6067B0096C6AD /* ChatView.swift */ = {isa = PBXFileReference; lastKnownFileType = sourcecode.swift; path = ChatView.swift; sourceTree = "<group>"; };
		DCF647792BD606960096C6AD /* MapView.swift */ = {isa = PBXFileReference; lastKnownFileType = sourcecode.swift; path = MapView.swift; sourceTree = "<group>"; };
		DCF6477B2BD606AF0096C6AD /* UploadView.swift */ = {isa = PBXFileReference; lastKnownFileType = sourcecode.swift; path = UploadView.swift; sourceTree = "<group>"; };
		DCF647822BD60AA00096C6AD /* GoogleService-Info.plist */ = {isa = PBXFileReference; fileEncoding = 4; lastKnownFileType = text.plist.xml; name = "GoogleService-Info.plist"; path = "../../../Downloads/GoogleService-Info.plist"; sourceTree = "<group>"; };
		DCF647862BD618D70096C6AD /* LandingView.swift */ = {isa = PBXFileReference; lastKnownFileType = sourcecode.swift; path = LandingView.swift; sourceTree = "<group>"; };
		DCF647882BD652800096C6AD /* CoupleTripView.swift */ = {isa = PBXFileReference; lastKnownFileType = sourcecode.swift; path = CoupleTripView.swift; sourceTree = "<group>"; };
		DCF6478A2BD655F20096C6AD /* UpcomingTripDetailView.swift */ = {isa = PBXFileReference; lastKnownFileType = sourcecode.swift; path = UpcomingTripDetailView.swift; sourceTree = "<group>"; };
		DCF6478C2BD667250096C6AD /* DealsView.swift */ = {isa = PBXFileReference; lastKnownFileType = sourcecode.swift; path = DealsView.swift; sourceTree = "<group>"; };
		DCF6478E2BD67F050096C6AD /* EditProfileView.swift */ = {isa = PBXFileReference; lastKnownFileType = sourcecode.swift; path = EditProfileView.swift; sourceTree = "<group>"; };
		DCF647902BD67F270096C6AD /* SettingsView.swift */ = {isa = PBXFileReference; lastKnownFileType = sourcecode.swift; path = SettingsView.swift; sourceTree = "<group>"; };
		DCF647922BD67F3A0096C6AD /* HelpView.swift */ = {isa = PBXFileReference; lastKnownFileType = sourcecode.swift; path = HelpView.swift; sourceTree = "<group>"; };
		DCF647942BD67F4E0096C6AD /* InsightView.swift */ = {isa = PBXFileReference; lastKnownFileType = sourcecode.swift; path = InsightView.swift; sourceTree = "<group>"; };
		DCF647962BD67F680096C6AD /* LogoutView.swift */ = {isa = PBXFileReference; lastKnownFileType = sourcecode.swift; path = LogoutView.swift; sourceTree = "<group>"; };
		DCF647982BD683E10096C6AD /* EventDetailView.swift */ = {isa = PBXFileReference; lastKnownFileType = sourcecode.swift; path = EventDetailView.swift; sourceTree = "<group>"; };
		DCF6479A2BD68FCD0096C6AD /* EventModel.swift */ = {isa = PBXFileReference; lastKnownFileType = sourcecode.swift; path = EventModel.swift; sourceTree = "<group>"; };
		DCF6479C2BD6B8C50096C6AD /* HotelModel.swift */ = {isa = PBXFileReference; lastKnownFileType = sourcecode.swift; path = HotelModel.swift; sourceTree = "<group>"; };
		DCF647A02BD6B9BB0096C6AD /* FindHotelsView.swift */ = {isa = PBXFileReference; lastKnownFileType = sourcecode.swift; path = FindHotelsView.swift; sourceTree = "<group>"; };
		DCF647A22BD6C6AA0096C6AD /* ChatDetailView.swift */ = {isa = PBXFileReference; lastKnownFileType = sourcecode.swift; path = ChatDetailView.swift; sourceTree = "<group>"; };
		DCF647A42BD6DB220096C6AD /* NotificationView.swift */ = {isa = PBXFileReference; lastKnownFileType = sourcecode.swift; path = NotificationView.swift; sourceTree = "<group>"; };
		DCF647A62BD6DF470096C6AD /* MapViewModel.swift */ = {isa = PBXFileReference; lastKnownFileType = sourcecode.swift; path = MapViewModel.swift; sourceTree = "<group>"; };
		DCF647A82BD6E0140096C6AD /* NotificationModel.swift */ = {isa = PBXFileReference; lastKnownFileType = sourcecode.swift; path = NotificationModel.swift; sourceTree = "<group>"; };
		DCF647AC2BD6E4B80096C6AD /* DealsModel.swift */ = {isa = PBXFileReference; lastKnownFileType = sourcecode.swift; path = DealsModel.swift; sourceTree = "<group>"; };
/* End PBXFileReference section */

/* Begin PBXFrameworksBuildPhase section */
		DCF6472D2BD602F80096C6AD /* Frameworks */ = {
			isa = PBXFrameworksBuildPhase;
			buildActionMask = 2147483647;
			files = (
				DCF6477F2BD608A70096C6AD /* FirebaseAuth in Frameworks */,
				DCF647812BD608A70096C6AD /* FirebaseFirestore in Frameworks */,
			);
			runOnlyForDeploymentPostprocessing = 0;
		};
		DCF647432BD602FA0096C6AD /* Frameworks */ = {
			isa = PBXFrameworksBuildPhase;
			buildActionMask = 2147483647;
			files = (
			);
			runOnlyForDeploymentPostprocessing = 0;
		};
		DCF6474D2BD602FA0096C6AD /* Frameworks */ = {
			isa = PBXFrameworksBuildPhase;
			buildActionMask = 2147483647;
			files = (
			);
			runOnlyForDeploymentPostprocessing = 0;
		};
/* End PBXFrameworksBuildPhase section */

/* Begin PBXGroup section */
		DCF647272BD602F80096C6AD = {
			isa = PBXGroup;
			children = (
				DCF647322BD602F80096C6AD /* HereLive-Demo */,
				DCF647492BD602FA0096C6AD /* HereLive-DemoTests */,
				DCF647532BD602FA0096C6AD /* HereLive-DemoUITests */,
				DCF647312BD602F80096C6AD /* Products */,
			);
			sourceTree = "<group>";
		};
		DCF647312BD602F80096C6AD /* Products */ = {
			isa = PBXGroup;
			children = (
				DCF647302BD602F80096C6AD /* HereLive-Demo.app */,
				DCF647462BD602FA0096C6AD /* HereLive-DemoTests.xctest */,
				DCF647502BD602FA0096C6AD /* HereLive-DemoUITests.xctest */,
			);
			name = Products;
			sourceTree = "<group>";
		};
		DCF647322BD602F80096C6AD /* HereLive-Demo */ = {
			isa = PBXGroup;
			children = (
				DCF647332BD602F80096C6AD /* HereLive_DemoApp.swift */,
				DCF647352BD602F80096C6AD /* ContentView.swift */,
				DCF647632BD6046A0096C6AD /* LoginView.swift */,
				DCF647862BD618D70096C6AD /* LandingView.swift */,
				DCF647652BD604830096C6AD /* SignUpView.swift */,
				DCF647672BD604A30096C6AD /* HomeView.swift */,
				DCF647692BD604C40096C6AD /* PlannerView.swift */,
				DCF6476B2BD604E50096C6AD /* DiscoverView.swift */,
				DCF6479C2BD6B8C50096C6AD /* HotelModel.swift */,
				DCF647A02BD6B9BB0096C6AD /* FindHotelsView.swift */,
				DCF6479A2BD68FCD0096C6AD /* EventModel.swift */,
				DCF647982BD683E10096C6AD /* EventDetailView.swift */,
				DCF6478C2BD667250096C6AD /* DealsView.swift */,
				DCF647AC2BD6E4B80096C6AD /* DealsModel.swift */,
				DCF6478E2BD67F050096C6AD /* EditProfileView.swift */,
				DCF6476F2BD605410096C6AD /* ProfileView.swift */,
				DCF647902BD67F270096C6AD /* SettingsView.swift */,
				DCF647942BD67F4E0096C6AD /* InsightView.swift */,
				DCF647962BD67F680096C6AD /* LogoutView.swift */,
				DCF647A42BD6DB220096C6AD /* NotificationView.swift */,
				DCF647A82BD6E0140096C6AD /* NotificationModel.swift */,
				DCF647712BD605680096C6AD /* WalletView.swift */,
				DCF647922BD67F3A0096C6AD /* HelpView.swift */,
				DCF6478A2BD655F20096C6AD /* UpcomingTripDetailView.swift */,
				DCF647882BD652800096C6AD /* CoupleTripView.swift */,
				DCF647732BD605B00096C6AD /* SingleTripView.swift */,
				DCF647752BD605D70096C6AD /* GroupTripView.swift */,
				DCF647772BD6067B0096C6AD /* ChatView.swift */,
				DCF647A22BD6C6AA0096C6AD /* ChatDetailView.swift */,
				DCF647792BD606960096C6AD /* MapView.swift */,
				DCF647A62BD6DF470096C6AD /* MapViewModel.swift */,
				DCF6477B2BD606AF0096C6AD /* UploadView.swift */,
				DCF6476D2BD605290096C6AD /* AdventureBucketListView.swift */,
				DCF647822BD60AA00096C6AD /* GoogleService-Info.plist */,
				DCF647372BD602FA0096C6AD /* Assets.xcassets */,
				DCF6473C2BD602FA0096C6AD /* Persistence.swift */,
				DCF647412BD602FA0096C6AD /* Info.plist */,
				DCF6473E2BD602FA0096C6AD /* HereLive_Demo.xcdatamodeld */,
				DCF647392BD602FA0096C6AD /* Preview Content */,
			);
			path = "HereLive-Demo";
			sourceTree = "<group>";
		};
		DCF647392BD602FA0096C6AD /* Preview Content */ = {
			isa = PBXGroup;
			children = (
				DCF6473A2BD602FA0096C6AD /* Preview Assets.xcassets */,
			);
			path = "Preview Content";
			sourceTree = "<group>";
		};
		DCF647492BD602FA0096C6AD /* HereLive-DemoTests */ = {
			isa = PBXGroup;
			children = (
				DCF6474A2BD602FA0096C6AD /* HereLive_DemoTests.swift */,
			);
			path = "HereLive-DemoTests";
			sourceTree = "<group>";
		};
		DCF647532BD602FA0096C6AD /* HereLive-DemoUITests */ = {
			isa = PBXGroup;
			children = (
				DCF647542BD602FA0096C6AD /* HereLive_DemoUITests.swift */,
				DCF647562BD602FA0096C6AD /* HereLive_DemoUITestsLaunchTests.swift */,
			);
			path = "HereLive-DemoUITests";
			sourceTree = "<group>";
		};
/* End PBXGroup section */

/* Begin PBXNativeTarget section */
		DCF6472F2BD602F80096C6AD /* HereLive-Demo */ = {
			isa = PBXNativeTarget;
			buildConfigurationList = DCF6475A2BD602FA0096C6AD /* Build configuration list for PBXNativeTarget "HereLive-Demo" */;
			buildPhases = (
				DCF6472C2BD602F80096C6AD /* Sources */,
				DCF6472D2BD602F80096C6AD /* Frameworks */,
				DCF6472E2BD602F80096C6AD /* Resources */,
			);
			buildRules = (
			);
			dependencies = (
			);
			name = "HereLive-Demo";
			packageProductDependencies = (
				DCF6477E2BD608A70096C6AD /* FirebaseAuth */,
				DCF647802BD608A70096C6AD /* FirebaseFirestore */,
			);
			productName = "HereLive-Demo";
			productReference = DCF647302BD602F80096C6AD /* HereLive-Demo.app */;
			productType = "com.apple.product-type.application";
		};
		DCF647452BD602FA0096C6AD /* HereLive-DemoTests */ = {
			isa = PBXNativeTarget;
			buildConfigurationList = DCF6475D2BD602FA0096C6AD /* Build configuration list for PBXNativeTarget "HereLive-DemoTests" */;
			buildPhases = (
				DCF647422BD602FA0096C6AD /* Sources */,
				DCF647432BD602FA0096C6AD /* Frameworks */,
				DCF647442BD602FA0096C6AD /* Resources */,
			);
			buildRules = (
			);
			dependencies = (
				DCF647482BD602FA0096C6AD /* PBXTargetDependency */,
			);
			name = "HereLive-DemoTests";
			productName = "HereLive-DemoTests";
			productReference = DCF647462BD602FA0096C6AD /* HereLive-DemoTests.xctest */;
			productType = "com.apple.product-type.bundle.unit-test";
		};
		DCF6474F2BD602FA0096C6AD /* HereLive-DemoUITests */ = {
			isa = PBXNativeTarget;
			buildConfigurationList = DCF647602BD602FA0096C6AD /* Build configuration list for PBXNativeTarget "HereLive-DemoUITests" */;
			buildPhases = (
				DCF6474C2BD602FA0096C6AD /* Sources */,
				DCF6474D2BD602FA0096C6AD /* Frameworks */,
				DCF6474E2BD602FA0096C6AD /* Resources */,
			);
			buildRules = (
			);
			dependencies = (
				DCF647522BD602FA0096C6AD /* PBXTargetDependency */,
			);
			name = "HereLive-DemoUITests";
			productName = "HereLive-DemoUITests";
			productReference = DCF647502BD602FA0096C6AD /* HereLive-DemoUITests.xctest */;
			productType = "com.apple.product-type.bundle.ui-testing";
		};
/* End PBXNativeTarget section */

/* Begin PBXProject section */
		DCF647282BD602F80096C6AD /* Project object */ = {
			isa = PBXProject;
			attributes = {
				BuildIndependentTargetsInParallel = 1;
				LastSwiftUpdateCheck = 1430;
				LastUpgradeCheck = 1430;
				TargetAttributes = {
					DCF6472F2BD602F80096C6AD = {
						CreatedOnToolsVersion = 14.3.1;
					};
					DCF647452BD602FA0096C6AD = {
						CreatedOnToolsVersion = 14.3.1;
						TestTargetID = DCF6472F2BD602F80096C6AD;
					};
					DCF6474F2BD602FA0096C6AD = {
						CreatedOnToolsVersion = 14.3.1;
						TestTargetID = DCF6472F2BD602F80096C6AD;
					};
				};
			};
			buildConfigurationList = DCF6472B2BD602F80096C6AD /* Build configuration list for PBXProject "HereLive-Demo" */;
			compatibilityVersion = "Xcode 14.0";
			developmentRegion = en;
			hasScannedForEncodings = 0;
			knownRegions = (
				en,
				Base,
			);
			mainGroup = DCF647272BD602F80096C6AD;
			packageReferences = (
				DCF6477D2BD608A70096C6AD /* XCRemoteSwiftPackageReference "firebase-ios-sdk" */,
			);
			productRefGroup = DCF647312BD602F80096C6AD /* Products */;
			projectDirPath = "";
			projectRoot = "";
			targets = (
				DCF6472F2BD602F80096C6AD /* HereLive-Demo */,
				DCF647452BD602FA0096C6AD /* HereLive-DemoTests */,
				DCF6474F2BD602FA0096C6AD /* HereLive-DemoUITests */,
			);
		};
/* End PBXProject section */

/* Begin PBXResourcesBuildPhase section */
		DCF6472E2BD602F80096C6AD /* Resources */ = {
			isa = PBXResourcesBuildPhase;
			buildActionMask = 2147483647;
			files = (
				DCF6473B2BD602FA0096C6AD /* Preview Assets.xcassets in Resources */,
				DCF647382BD602FA0096C6AD /* Assets.xcassets in Resources */,
				DCF647832BD60AA00096C6AD /* GoogleService-Info.plist in Resources */,
			);
			runOnlyForDeploymentPostprocessing = 0;
		};
		DCF647442BD602FA0096C6AD /* Resources */ = {
			isa = PBXResourcesBuildPhase;
			buildActionMask = 2147483647;
			files = (
			);
			runOnlyForDeploymentPostprocessing = 0;
		};
		DCF6474E2BD602FA0096C6AD /* Resources */ = {
			isa = PBXResourcesBuildPhase;
			buildActionMask = 2147483647;
			files = (
			);
			runOnlyForDeploymentPostprocessing = 0;
		};
/* End PBXResourcesBuildPhase section */

/* Begin PBXSourcesBuildPhase section */
		DCF6472C2BD602F80096C6AD /* Sources */ = {
			isa = PBXSourcesBuildPhase;
			buildActionMask = 2147483647;
			files = (
				DCF6473D2BD602FA0096C6AD /* Persistence.swift in Sources */,
				DCF647952BD67F4F0096C6AD /* InsightView.swift in Sources */,
				DCF647A12BD6B9BB0096C6AD /* FindHotelsView.swift in Sources */,
				DCF647972BD67F680096C6AD /* LogoutView.swift in Sources */,
				DCF647912BD67F270096C6AD /* SettingsView.swift in Sources */,
				DCF6477A2BD606960096C6AD /* MapView.swift in Sources */,
				DCF647682BD604A30096C6AD /* HomeView.swift in Sources */,
				DCF647AD2BD6E4B80096C6AD /* DealsModel.swift in Sources */,
				DCF647362BD602F80096C6AD /* ContentView.swift in Sources */,
				DCF647A32BD6C6AA0096C6AD /* ChatDetailView.swift in Sources */,
				DCF647892BD652800096C6AD /* CoupleTripView.swift in Sources */,
				DCF647402BD602FA0096C6AD /* HereLive_Demo.xcdatamodeld in Sources */,
				DCF6478B2BD655F20096C6AD /* UpcomingTripDetailView.swift in Sources */,
				DCF647872BD618D70096C6AD /* LandingView.swift in Sources */,
				DCF647642BD6046A0096C6AD /* LoginView.swift in Sources */,
				DCF647762BD605D70096C6AD /* GroupTripView.swift in Sources */,
				DCF647742BD605B00096C6AD /* SingleTripView.swift in Sources */,
				DCF647992BD683E10096C6AD /* EventDetailView.swift in Sources */,
				DCF647A72BD6DF470096C6AD /* MapViewModel.swift in Sources */,
				DCF647782BD6067B0096C6AD /* ChatView.swift in Sources */,
				DCF647932BD67F3A0096C6AD /* HelpView.swift in Sources */,
				DCF647A52BD6DB220096C6AD /* NotificationView.swift in Sources */,
				DCF6476C2BD604E50096C6AD /* DiscoverView.swift in Sources */,
				DCF6479B2BD68FCD0096C6AD /* EventModel.swift in Sources */,
				DCF647662BD604830096C6AD /* SignUpView.swift in Sources */,
				DCF6478F2BD67F050096C6AD /* EditProfileView.swift in Sources */,
				DCF6476E2BD605290096C6AD /* AdventureBucketListView.swift in Sources */,
				DCF647342BD602F80096C6AD /* HereLive_DemoApp.swift in Sources */,
				DCF6478D2BD667250096C6AD /* DealsView.swift in Sources */,
				DCF647702BD605410096C6AD /* ProfileView.swift in Sources */,
				DCF6477C2BD606AF0096C6AD /* UploadView.swift in Sources */,
				DCF6476A2BD604C40096C6AD /* PlannerView.swift in Sources */,
				DCF6479D2BD6B8C50096C6AD /* HotelModel.swift in Sources */,
				DCF647A92BD6E0150096C6AD /* NotificationModel.swift in Sources */,
				DCF647722BD605680096C6AD /* WalletView.swift in Sources */,
			);
			runOnlyForDeploymentPostprocessing = 0;
		};
		DCF647422BD602FA0096C6AD /* Sources */ = {
			isa = PBXSourcesBuildPhase;
			buildActionMask = 2147483647;
			files = (
				DCF6474B2BD602FA0096C6AD /* HereLive_DemoTests.swift in Sources */,
			);
			runOnlyForDeploymentPostprocessing = 0;
		};
		DCF6474C2BD602FA0096C6AD /* Sources */ = {
			isa = PBXSourcesBuildPhase;
			buildActionMask = 2147483647;
			files = (
				DCF647552BD602FA0096C6AD /* HereLive_DemoUITests.swift in Sources */,
				DCF647572BD602FA0096C6AD /* HereLive_DemoUITestsLaunchTests.swift in Sources */,
			);
			runOnlyForDeploymentPostprocessing = 0;
		};
/* End PBXSourcesBuildPhase section */

/* Begin PBXTargetDependency section */
		DCF647482BD602FA0096C6AD /* PBXTargetDependency */ = {
			isa = PBXTargetDependency;
			target = DCF6472F2BD602F80096C6AD /* HereLive-Demo */;
			targetProxy = DCF647472BD602FA0096C6AD /* PBXContainerItemProxy */;
		};
		DCF647522BD602FA0096C6AD /* PBXTargetDependency */ = {
			isa = PBXTargetDependency;
			target = DCF6472F2BD602F80096C6AD /* HereLive-Demo */;
			targetProxy = DCF647512BD602FA0096C6AD /* PBXContainerItemProxy */;
		};
/* End PBXTargetDependency section */

/* Begin XCBuildConfiguration section */
		DCF647582BD602FA0096C6AD /* Debug */ = {
			isa = XCBuildConfiguration;
			buildSettings = {
				ALWAYS_SEARCH_USER_PATHS = NO;
				CLANG_ANALYZER_NONNULL = YES;
				CLANG_ANALYZER_NUMBER_OBJECT_CONVERSION = YES_AGGRESSIVE;
				CLANG_CXX_LANGUAGE_STANDARD = "gnu++20";
				CLANG_ENABLE_MODULES = YES;
				CLANG_ENABLE_OBJC_ARC = YES;
				CLANG_ENABLE_OBJC_WEAK = YES;
				CLANG_WARN_BLOCK_CAPTURE_AUTORELEASING = YES;
				CLANG_WARN_BOOL_CONVERSION = YES;
				CLANG_WARN_COMMA = YES;
				CLANG_WARN_CONSTANT_CONVERSION = YES;
				CLANG_WARN_DEPRECATED_OBJC_IMPLEMENTATIONS = YES;
				CLANG_WARN_DIRECT_OBJC_ISA_USAGE = YES_ERROR;
				CLANG_WARN_DOCUMENTATION_COMMENTS = YES;
				CLANG_WARN_EMPTY_BODY = YES;
				CLANG_WARN_ENUM_CONVERSION = YES;
				CLANG_WARN_INFINITE_RECURSION = YES;
				CLANG_WARN_INT_CONVERSION = YES;
				CLANG_WARN_NON_LITERAL_NULL_CONVERSION = YES;
				CLANG_WARN_OBJC_IMPLICIT_RETAIN_SELF = YES;
				CLANG_WARN_OBJC_LITERAL_CONVERSION = YES;
				CLANG_WARN_OBJC_ROOT_CLASS = YES_ERROR;
				CLANG_WARN_QUOTED_INCLUDE_IN_FRAMEWORK_HEADER = YES;
				CLANG_WARN_RANGE_LOOP_ANALYSIS = YES;
				CLANG_WARN_STRICT_PROTOTYPES = YES;
				CLANG_WARN_SUSPICIOUS_MOVE = YES;
				CLANG_WARN_UNGUARDED_AVAILABILITY = YES_AGGRESSIVE;
				CLANG_WARN_UNREACHABLE_CODE = YES;
				CLANG_WARN__DUPLICATE_METHOD_MATCH = YES;
				COPY_PHASE_STRIP = NO;
				DEBUG_INFORMATION_FORMAT = dwarf;
				ENABLE_STRICT_OBJC_MSGSEND = YES;
				ENABLE_TESTABILITY = YES;
				GCC_C_LANGUAGE_STANDARD = gnu11;
				GCC_DYNAMIC_NO_PIC = NO;
				GCC_NO_COMMON_BLOCKS = YES;
				GCC_OPTIMIZATION_LEVEL = 0;
				GCC_PREPROCESSOR_DEFINITIONS = (
					"DEBUG=1",
					"$(inherited)",
				);
				GCC_WARN_64_TO_32_BIT_CONVERSION = YES;
				GCC_WARN_ABOUT_RETURN_TYPE = YES_ERROR;
				GCC_WARN_UNDECLARED_SELECTOR = YES;
				GCC_WARN_UNINITIALIZED_AUTOS = YES_AGGRESSIVE;
				GCC_WARN_UNUSED_FUNCTION = YES;
				GCC_WARN_UNUSED_VARIABLE = YES;
				IPHONEOS_DEPLOYMENT_TARGET = 16.4;
				MTL_ENABLE_DEBUG_INFO = INCLUDE_SOURCE;
				MTL_FAST_MATH = YES;
				ONLY_ACTIVE_ARCH = YES;
				SDKROOT = iphoneos;
				SWIFT_ACTIVE_COMPILATION_CONDITIONS = DEBUG;
				SWIFT_OPTIMIZATION_LEVEL = "-Onone";
			};
			name = Debug;
		};
		DCF647592BD602FA0096C6AD /* Release */ = {
			isa = XCBuildConfiguration;
			buildSettings = {
				ALWAYS_SEARCH_USER_PATHS = NO;
				CLANG_ANALYZER_NONNULL = YES;
				CLANG_ANALYZER_NUMBER_OBJECT_CONVERSION = YES_AGGRESSIVE;
				CLANG_CXX_LANGUAGE_STANDARD = "gnu++20";
				CLANG_ENABLE_MODULES = YES;
				CLANG_ENABLE_OBJC_ARC = YES;
				CLANG_ENABLE_OBJC_WEAK = YES;
				CLANG_WARN_BLOCK_CAPTURE_AUTORELEASING = YES;
				CLANG_WARN_BOOL_CONVERSION = YES;
				CLANG_WARN_COMMA = YES;
				CLANG_WARN_CONSTANT_CONVERSION = YES;
				CLANG_WARN_DEPRECATED_OBJC_IMPLEMENTATIONS = YES;
				CLANG_WARN_DIRECT_OBJC_ISA_USAGE = YES_ERROR;
				CLANG_WARN_DOCUMENTATION_COMMENTS = YES;
				CLANG_WARN_EMPTY_BODY = YES;
				CLANG_WARN_ENUM_CONVERSION = YES;
				CLANG_WARN_INFINITE_RECURSION = YES;
				CLANG_WARN_INT_CONVERSION = YES;
				CLANG_WARN_NON_LITERAL_NULL_CONVERSION = YES;
				CLANG_WARN_OBJC_IMPLICIT_RETAIN_SELF = YES;
				CLANG_WARN_OBJC_LITERAL_CONVERSION = YES;
				CLANG_WARN_OBJC_ROOT_CLASS = YES_ERROR;
				CLANG_WARN_QUOTED_INCLUDE_IN_FRAMEWORK_HEADER = YES;
				CLANG_WARN_RANGE_LOOP_ANALYSIS = YES;
				CLANG_WARN_STRICT_PROTOTYPES = YES;
				CLANG_WARN_SUSPICIOUS_MOVE = YES;
				CLANG_WARN_UNGUARDED_AVAILABILITY = YES_AGGRESSIVE;
				CLANG_WARN_UNREACHABLE_CODE = YES;
				CLANG_WARN__DUPLICATE_METHOD_MATCH = YES;
				COPY_PHASE_STRIP = NO;
				DEBUG_INFORMATION_FORMAT = "dwarf-with-dsym";
				ENABLE_NS_ASSERTIONS = NO;
				ENABLE_STRICT_OBJC_MSGSEND = YES;
				GCC_C_LANGUAGE_STANDARD = gnu11;
				GCC_NO_COMMON_BLOCKS = YES;
				GCC_WARN_64_TO_32_BIT_CONVERSION = YES;
				GCC_WARN_ABOUT_RETURN_TYPE = YES_ERROR;
				GCC_WARN_UNDECLARED_SELECTOR = YES;
				GCC_WARN_UNINITIALIZED_AUTOS = YES_AGGRESSIVE;
				GCC_WARN_UNUSED_FUNCTION = YES;
				GCC_WARN_UNUSED_VARIABLE = YES;
				IPHONEOS_DEPLOYMENT_TARGET = 16.4;
				MTL_ENABLE_DEBUG_INFO = NO;
				MTL_FAST_MATH = YES;
				SDKROOT = iphoneos;
				SWIFT_COMPILATION_MODE = wholemodule;
				SWIFT_OPTIMIZATION_LEVEL = "-O";
				VALIDATE_PRODUCT = YES;
			};
			name = Release;
		};
		DCF6475B2BD602FA0096C6AD /* Debug */ = {
			isa = XCBuildConfiguration;
			buildSettings = {
				ASSETCATALOG_COMPILER_APPICON_NAME = AppIcon;
				ASSETCATALOG_COMPILER_GLOBAL_ACCENT_COLOR_NAME = AccentColor;
				CODE_SIGN_STYLE = Automatic;
				CURRENT_PROJECT_VERSION = 1;
				DEVELOPMENT_ASSET_PATHS = "\"HereLive-Demo/Preview Content\"";
				ENABLE_PREVIEWS = YES;
				GENERATE_INFOPLIST_FILE = YES;
				INFOPLIST_KEY_UIApplicationSceneManifest_Generation = YES;
				INFOPLIST_KEY_UIApplicationSupportsIndirectInputEvents = YES;
				INFOPLIST_KEY_UILaunchScreen_Generation = YES;
				INFOPLIST_KEY_UISupportedInterfaceOrientations_iPad = "UIInterfaceOrientationPortrait UIInterfaceOrientationPortraitUpsideDown UIInterfaceOrientationLandscapeLeft UIInterfaceOrientationLandscapeRight";
				INFOPLIST_KEY_UISupportedInterfaceOrientations_iPhone = "UIInterfaceOrientationPortrait UIInterfaceOrientationLandscapeLeft UIInterfaceOrientationLandscapeRight";
				LD_RUNPATH_SEARCH_PATHS = (
					"$(inherited)",
					"@executable_path/Frameworks",
				);
				MARKETING_VERSION = 1.0;
				PRODUCT_BUNDLE_IDENTIFIER = "icarus.HereLive-Demo";
				PRODUCT_NAME = "$(TARGET_NAME)";
				SWIFT_EMIT_LOC_STRINGS = YES;
				SWIFT_VERSION = 5.0;
				TARGETED_DEVICE_FAMILY = "1,2";
			};
			name = Debug;
		};
		DCF6475C2BD602FA0096C6AD /* Release */ = {
			isa = XCBuildConfiguration;
			buildSettings = {
				ASSETCATALOG_COMPILER_APPICON_NAME = AppIcon;
				ASSETCATALOG_COMPILER_GLOBAL_ACCENT_COLOR_NAME = AccentColor;
				CODE_SIGN_STYLE = Automatic;
				CURRENT_PROJECT_VERSION = 1;
				DEVELOPMENT_ASSET_PATHS = "\"HereLive-Demo/Preview Content\"";
				ENABLE_PREVIEWS = YES;
				GENERATE_INFOPLIST_FILE = YES;
				INFOPLIST_KEY_UIApplicationSceneManifest_Generation = YES;
				INFOPLIST_KEY_UIApplicationSupportsIndirectInputEvents = YES;
				INFOPLIST_KEY_UILaunchScreen_Generation = YES;
				INFOPLIST_KEY_UISupportedInterfaceOrientations_iPad = "UIInterfaceOrientationPortrait UIInterfaceOrientationPortraitUpsideDown UIInterfaceOrientationLandscapeLeft UIInterfaceOrientationLandscapeRight";
				INFOPLIST_KEY_UISupportedInterfaceOrientations_iPhone = "UIInterfaceOrientationPortrait UIInterfaceOrientationLandscapeLeft UIInterfaceOrientationLandscapeRight";
				LD_RUNPATH_SEARCH_PATHS = (
					"$(inherited)",
					"@executable_path/Frameworks",
				);
				MARKETING_VERSION = 1.0;
				PRODUCT_BUNDLE_IDENTIFIER = "icarus.HereLive-Demo";
				PRODUCT_NAME = "$(TARGET_NAME)";
				SWIFT_EMIT_LOC_STRINGS = YES;
				SWIFT_VERSION = 5.0;
				TARGETED_DEVICE_FAMILY = "1,2";
			};
			name = Release;
		};
		DCF6475E2BD602FA0096C6AD /* Debug */ = {
			isa = XCBuildConfiguration;
			buildSettings = {
				ALWAYS_EMBED_SWIFT_STANDARD_LIBRARIES = YES;
				BUNDLE_LOADER = "$(TEST_HOST)";
				CODE_SIGN_STYLE = Automatic;
				CURRENT_PROJECT_VERSION = 1;
				GENERATE_INFOPLIST_FILE = YES;
				IPHONEOS_DEPLOYMENT_TARGET = 16.4;
				MARKETING_VERSION = 1.0;
				PRODUCT_BUNDLE_IDENTIFIER = "icarus.HereLive-DemoTests";
				PRODUCT_NAME = "$(TARGET_NAME)";
				SWIFT_EMIT_LOC_STRINGS = NO;
				SWIFT_VERSION = 5.0;
				TARGETED_DEVICE_FAMILY = "1,2";
				TEST_HOST = "$(BUILT_PRODUCTS_DIR)/HereLive-Demo.app/$(BUNDLE_EXECUTABLE_FOLDER_PATH)/HereLive-Demo";
			};
			name = Debug;
		};
		DCF6475F2BD602FA0096C6AD /* Release */ = {
			isa = XCBuildConfiguration;
			buildSettings = {
				ALWAYS_EMBED_SWIFT_STANDARD_LIBRARIES = YES;
				BUNDLE_LOADER = "$(TEST_HOST)";
				CODE_SIGN_STYLE = Automatic;
				CURRENT_PROJECT_VERSION = 1;
				GENERATE_INFOPLIST_FILE = YES;
				IPHONEOS_DEPLOYMENT_TARGET = 16.4;
				MARKETING_VERSION = 1.0;
				PRODUCT_BUNDLE_IDENTIFIER = "icarus.HereLive-DemoTests";
				PRODUCT_NAME = "$(TARGET_NAME)";
				SWIFT_EMIT_LOC_STRINGS = NO;
				SWIFT_VERSION = 5.0;
				TARGETED_DEVICE_FAMILY = "1,2";
				TEST_HOST = "$(BUILT_PRODUCTS_DIR)/HereLive-Demo.app/$(BUNDLE_EXECUTABLE_FOLDER_PATH)/HereLive-Demo";
			};
			name = Release;
		};
		DCF647612BD602FA0096C6AD /* Debug */ = {
			isa = XCBuildConfiguration;
			buildSettings = {
				ALWAYS_EMBED_SWIFT_STANDARD_LIBRARIES = YES;
				CODE_SIGN_STYLE = Automatic;
				CURRENT_PROJECT_VERSION = 1;
				GENERATE_INFOPLIST_FILE = YES;
				MARKETING_VERSION = 1.0;
				PRODUCT_BUNDLE_IDENTIFIER = "icarus.HereLive-DemoUITests";
				PRODUCT_NAME = "$(TARGET_NAME)";
				SWIFT_EMIT_LOC_STRINGS = NO;
				SWIFT_VERSION = 5.0;
				TARGETED_DEVICE_FAMILY = "1,2";
				TEST_TARGET_NAME = "HereLive-Demo";
			};
			name = Debug;
		};
		DCF647622BD602FA0096C6AD /* Release */ = {
			isa = XCBuildConfiguration;
			buildSettings = {
				ALWAYS_EMBED_SWIFT_STANDARD_LIBRARIES = YES;
				CODE_SIGN_STYLE = Automatic;
				CURRENT_PROJECT_VERSION = 1;
				GENERATE_INFOPLIST_FILE = YES;
				MARKETING_VERSION = 1.0;
				PRODUCT_BUNDLE_IDENTIFIER = "icarus.HereLive-DemoUITests";
				PRODUCT_NAME = "$(TARGET_NAME)";
				SWIFT_EMIT_LOC_STRINGS = NO;
				SWIFT_VERSION = 5.0;
				TARGETED_DEVICE_FAMILY = "1,2";
				TEST_TARGET_NAME = "HereLive-Demo";
			};
			name = Release;
		};
/* End XCBuildConfiguration section */

/* Begin XCConfigurationList section */
		DCF6472B2BD602F80096C6AD /* Build configuration list for PBXProject "HereLive-Demo" */ = {
			isa = XCConfigurationList;
			buildConfigurations = (
				DCF647582BD602FA0096C6AD /* Debug */,
				DCF647592BD602FA0096C6AD /* Release */,
			);
			defaultConfigurationIsVisible = 0;
			defaultConfigurationName = Release;
		};
		DCF6475A2BD602FA0096C6AD /* Build configuration list for PBXNativeTarget "HereLive-Demo" */ = {
			isa = XCConfigurationList;
			buildConfigurations = (
				DCF6475B2BD602FA0096C6AD /* Debug */,
				DCF6475C2BD602FA0096C6AD /* Release */,
			);
			defaultConfigurationIsVisible = 0;
			defaultConfigurationName = Release;
		};
		DCF6475D2BD602FA0096C6AD /* Build configuration list for PBXNativeTarget "HereLive-DemoTests" */ = {
			isa = XCConfigurationList;
			buildConfigurations = (
				DCF6475E2BD602FA0096C6AD /* Debug */,
				DCF6475F2BD602FA0096C6AD /* Release */,
			);
			defaultConfigurationIsVisible = 0;
			defaultConfigurationName = Release;
		};
		DCF647602BD602FA0096C6AD /* Build configuration list for PBXNativeTarget "HereLive-DemoUITests" */ = {
			isa = XCConfigurationList;
			buildConfigurations = (
				DCF647612BD602FA0096C6AD /* Debug */,
				DCF647622BD602FA0096C6AD /* Release */,
			);
			defaultConfigurationIsVisible = 0;
			defaultConfigurationName = Release;
		};
/* End XCConfigurationList section */

/* Begin XCRemoteSwiftPackageReference section */
		DCF6477D2BD608A70096C6AD /* XCRemoteSwiftPackageReference "firebase-ios-sdk" */ = {
			isa = XCRemoteSwiftPackageReference;
			repositoryURL = "https://github.com/firebase/firebase-ios-sdk.git";
			requirement = {
				kind = upToNextMajorVersion;
				minimumVersion = 10.0.0;
			};
		};
/* End XCRemoteSwiftPackageReference section */

/* Begin XCSwiftPackageProductDependency section */
		DCF6477E2BD608A70096C6AD /* FirebaseAuth */ = {
			isa = XCSwiftPackageProductDependency;
			package = DCF6477D2BD608A70096C6AD /* XCRemoteSwiftPackageReference "firebase-ios-sdk" */;
			productName = FirebaseAuth;
		};
		DCF647802BD608A70096C6AD /* FirebaseFirestore */ = {
			isa = XCSwiftPackageProductDependency;
			package = DCF6477D2BD608A70096C6AD /* XCRemoteSwiftPackageReference "firebase-ios-sdk" */;
			productName = FirebaseFirestore;
		};
/* End XCSwiftPackageProductDependency section */

/* Begin XCVersionGroup section */
		DCF6473E2BD602FA0096C6AD /* HereLive_Demo.xcdatamodeld */ = {
			isa = XCVersionGroup;
			children = (
				DCF6473F2BD602FA0096C6AD /* HereLive_Demo.xcdatamodel */,
			);
			currentVersion = DCF6473F2BD602FA0096C6AD /* HereLive_Demo.xcdatamodel */;
			path = HereLive_Demo.xcdatamodeld;
			sourceTree = "<group>";
			versionGroupType = wrapper.xcdatamodel;
		};
/* End XCVersionGroup section */
	};
	rootObject = DCF647282BD602F80096C6AD /* Project object */;
}
